{
    "_readme": [
        "This file locks the dependencies of your project to a known state",
        "Read more about it at https://getcomposer.org/doc/01-basic-usage.md#composer-lock-the-lock-file",
        "This file is @generated automatically"
    ],
    "content-hash": "2bb5ca315722fbaceb82e87dd3688c9c",
    "packages": [
        {
            "name": "aura/sqlquery",
            "version": "2.7.1",
            "source": {
                "type": "git",
                "url": "https://github.com/auraphp/Aura.SqlQuery.git",
                "reference": "dd81b57aeb43628180a9c70a4df58d872024d7f2"
            },
            "dist": {
                "type": "zip",
                "url": "https://api.github.com/repos/auraphp/Aura.SqlQuery/zipball/dd81b57aeb43628180a9c70a4df58d872024d7f2",
                "reference": "dd81b57aeb43628180a9c70a4df58d872024d7f2",
                "shasum": ""
            },
            "require": {
                "php": ">=5.3.9"
            },
            "suggest": {
                "aura/sql": "Provides an extension to the native PDO along with a profiler and connection locator. Use version 2.*."
            },
            "type": "library",
            "extra": {
                "aura": {
                    "type": "library"
                }
            },
            "autoload": {
                "psr-4": {
                    "Aura\\SqlQuery\\": "src/"
                }
            },
            "notification-url": "https://packagist.org/downloads/",
            "license": [
                "BSD-2-Clause"
            ],
            "authors": [
                {
                    "name": "Aura.SqlQuery Contributors",
                    "homepage": "https://github.com/auraphp/Aura.SqlQuery/contributors"
                }
            ],
            "description": "Object-oriented query builders for MySQL, Postgres, SQLite, and SQLServer; can be used with any database connection library.",
            "homepage": "https://github.com/auraphp/Aura.SqlQuery",
            "keywords": [
                "database",
                "db",
                "delete",
                "dml",
                "insert",
                "mysql",
                "pdo",
                "pgsql",
                "postgres",
                "postgresql",
                "query",
                "select",
                "sql",
                "sql server",
                "sqlite",
                "sqlserver",
                "update"
            ],
            "time": "2016-10-03T20:34:56+00:00"
        },
        {
            "name": "bondas83/mdb2_driver_mysqli",
            "version": "v1.5.3",
            "source": {
                "type": "git",
                "url": "https://github.com/bondas83/mdb2_driver_mysqli.git",
                "reference": "821854e34b8ca0655b437d441ef40251dda38ff4"
            },
            "dist": {
                "type": "zip",
                "url": "https://api.github.com/repos/bondas83/mdb2_driver_mysqli/zipball/821854e34b8ca0655b437d441ef40251dda38ff4",
                "reference": "821854e34b8ca0655b437d441ef40251dda38ff4",
                "shasum": ""
            },
            "require": {
                "php": ">=5.3.0",
                "silverorange/mdb2": "*"
            },
            "type": "library",
            "autoload": {
                "classmap": [
                    "MDB2/Driver/mysqli.php"
                ]
            },
            "notification-url": "https://packagist.org/downloads/",
            "include-path": [
                "./"
            ],
            "license": [
                "BSD-2-Clause"
            ],
            "authors": [
                {
                    "name": "Julius Smatavicius",
                    "email": "bondas83@gmail.com"
                }
            ],
            "description": "This is the Mysqli MDB2 driver.",
            "homepage": "https://github.com/bondas83/MDB2_Driver_mysqli",
            "keywords": [
                "PEAR",
                "database",
                "mdb2",
                "mysqli"
            ],
            "time": "2017-08-04T14:29:40+00:00"
        },
        {
            "name": "pear/console_getopt",
            "version": "v1.4.1",
            "source": {
                "type": "git",
                "url": "https://github.com/pear/Console_Getopt.git",
                "reference": "82f05cd1aa3edf34e19aa7c8ca312ce13a6a577f"
            },
            "dist": {
                "type": "zip",
                "url": "https://api.github.com/repos/pear/Console_Getopt/zipball/82f05cd1aa3edf34e19aa7c8ca312ce13a6a577f",
                "reference": "82f05cd1aa3edf34e19aa7c8ca312ce13a6a577f",
                "shasum": ""
            },
            "type": "library",
            "autoload": {
                "psr-0": {
                    "Console": "./"
                }
            },
            "notification-url": "https://packagist.org/downloads/",
            "include-path": [
                "./"
            ],
            "license": [
                "BSD-2-Clause"
            ],
            "authors": [
                {
                    "name": "Greg Beaver",
                    "email": "cellog@php.net",
                    "role": "Helper"
                },
                {
                    "name": "Andrei Zmievski",
                    "email": "andrei@php.net",
                    "role": "Lead"
                },
                {
                    "name": "Stig Bakken",
                    "email": "stig@php.net",
                    "role": "Developer"
                }
            ],
            "description": "More info available on: http://pear.php.net/package/Console_Getopt",
            "time": "2015-07-20T20:28:12+00:00"
        },
        {
            "name": "pear/pear-core-minimal",
            "version": "v1.10.3",
            "source": {
                "type": "git",
                "url": "https://github.com/pear/pear-core-minimal.git",
                "reference": "070f0b600b2caca2501e2c9b7e553016e4b0d115"
            },
            "dist": {
                "type": "zip",
                "url": "https://api.github.com/repos/pear/pear-core-minimal/zipball/070f0b600b2caca2501e2c9b7e553016e4b0d115",
                "reference": "070f0b600b2caca2501e2c9b7e553016e4b0d115",
                "shasum": ""
            },
            "require": {
                "pear/console_getopt": "~1.4",
                "pear/pear_exception": "~1.0"
            },
            "replace": {
                "rsky/pear-core-min": "self.version"
            },
            "type": "library",
            "autoload": {
                "psr-0": {
                    "": "src/"
                }
            },
            "notification-url": "https://packagist.org/downloads/",
            "include-path": [
                "src/"
            ],
            "license": [
                "BSD-3-Clause"
            ],
            "authors": [
                {
                    "name": "Christian Weiske",
                    "email": "cweiske@php.net",
                    "role": "Lead"
                }
            ],
            "description": "Minimal set of PEAR core files to be used as composer dependency",
            "time": "2017-02-28T16:46:11+00:00"
        },
        {
            "name": "pear/pear_exception",
            "version": "v1.0.0",
            "source": {
                "type": "git",
                "url": "https://github.com/pear/PEAR_Exception.git",
                "reference": "8c18719fdae000b690e3912be401c76e406dd13b"
            },
            "dist": {
                "type": "zip",
                "url": "https://api.github.com/repos/pear/PEAR_Exception/zipball/8c18719fdae000b690e3912be401c76e406dd13b",
                "reference": "8c18719fdae000b690e3912be401c76e406dd13b",
                "shasum": ""
            },
            "require": {
                "php": ">=4.4.0"
            },
            "require-dev": {
                "phpunit/phpunit": "*"
            },
            "type": "class",
            "extra": {
                "branch-alias": {
                    "dev-master": "1.0.x-dev"
                }
            },
            "autoload": {
                "psr-0": {
                    "PEAR": ""
                }
            },
            "notification-url": "https://packagist.org/downloads/",
            "include-path": [
                "."
            ],
            "license": [
                "BSD-2-Clause"
            ],
            "authors": [
                {
                    "name": "Helgi Thormar",
                    "email": "dufuz@php.net"
                },
                {
                    "name": "Greg Beaver",
                    "email": "cellog@php.net"
                }
            ],
            "description": "The PEAR Exception base class.",
            "homepage": "https://github.com/pear/PEAR_Exception",
            "keywords": [
                "exception"
            ],
            "time": "2015-02-10T20:07:52+00:00"
        },
        {
            "name": "silverorange/mdb2",
            "version": "3.1.1",
            "source": {
                "type": "git",
                "url": "https://github.com/silverorange/MDB2.git",
                "reference": "35d0af9cc62c12fd9e27595434ab44361eb8c6fc"
            },
            "dist": {
                "type": "zip",
                "url": "https://api.github.com/repos/silverorange/MDB2/zipball/35d0af9cc62c12fd9e27595434ab44361eb8c6fc",
                "reference": "35d0af9cc62c12fd9e27595434ab44361eb8c6fc",
                "shasum": ""
            },
            "require": {
                "pear/pear-core-minimal": "^1.9.0",
                "php": ">=5.3.0"
            },
            "require-dev": {
                "silverorange/coding-standard": "^0.6.0"
            },
            "type": "library",
            "autoload": {
                "psr-0": {
                    "MDB2": ""
                }
            },
            "notification-url": "https://packagist.org/downloads/",
            "license": [
                "BSD-2-Clause"
            ],
            "authors": [
                {
                    "name": "Michael Gauthier",
                    "email": "mike@silverorange.com"
                }
            ],
            "description": "PEAR MDB2 is a merge of the PEAR DB and Metabase php database abstraction layers.",
            "homepage": "https://github.com/silverorange/MDB2",
            "keywords": [
                "database",
                "dbal",
                "metabase",
                "orm"
            ],
            "time": "2017-12-05T18:20:09+00:00"
        },
        {
            "name": "slim/pdo",
            "version": "1.10.1",
            "source": {
                "type": "git",
                "url": "https://github.com/FaaPz/Slim-PDO.git",
                "reference": "2eaaae8c5fbfeba832bf3c8fa88b1780e23554ee"
            },
            "dist": {
                "type": "zip",
                "url": "https://api.github.com/repos/FaaPz/Slim-PDO/zipball/2eaaae8c5fbfeba832bf3c8fa88b1780e23554ee",
                "reference": "2eaaae8c5fbfeba832bf3c8fa88b1780e23554ee",
                "shasum": ""
            },
            "require": {
                "ext-pdo": "*",
                "php": ">=5.3.0"
            },
            "type": "library",
            "autoload": {
                "psr-4": {
                    "Slim\\PDO\\": "src/PDO/"
                }
            },
            "notification-url": "https://packagist.org/downloads/",
            "license": [
                "MIT"
            ],
            "authors": [
                {
                    "name": "Fabian de Laender",
                    "email": "fabian@faapz.nl",
                    "homepage": "http://faapz.nl",
                    "role": "Developer"
                }
            ],
            "description": "PDO database library for Slim Framework",
            "homepage": "https://github.com/FaaPz/Slim-PDO",
            "keywords": [
                "database",
                "framework",
                "pdo",
                "slim"
            ],
            "time": "2017-08-15T10:42:44+00:00"
        }
    ],
    "packages-dev": [],
    "aliases": [],
    "minimum-stability": "stable",
    "stability-flags": [],
    "prefer-stable": false,
    "prefer-lowest": false,
    "platform": [],
    "platform-dev": []
}
